// !$*UTF8*$!
{
	archiveVersion = 1;
	classes = {
	};
	objectVersion = 46;
	objects = {

/* Begin PBXBuildFile section */
		A11FA17A1DA46E6A0093D866 /* LoadingViewController.swift in Sources */ = {isa = PBXBuildFile; fileRef = A11FA1791DA46E6A0093D866 /* LoadingViewController.swift */; };
		A12B7F4C1DD0E57200319D5A /* ProfileOptionsViewController.swift in Sources */ = {isa = PBXBuildFile; fileRef = A12B7F4B1DD0E57200319D5A /* ProfileOptionsViewController.swift */; };
		A14522CA1D8059ED0023E30D /* AppDelegate.swift in Sources */ = {isa = PBXBuildFile; fileRef = A14522C91D8059ED0023E30D /* AppDelegate.swift */; };
		A14522CF1D8059ED0023E30D /* Main.storyboard in Resources */ = {isa = PBXBuildFile; fileRef = A14522CD1D8059ED0023E30D /* Main.storyboard */; };
		A14522D11D8059ED0023E30D /* Assets.xcassets in Resources */ = {isa = PBXBuildFile; fileRef = A14522D01D8059ED0023E30D /* Assets.xcassets */; };
		A14522D41D8059ED0023E30D /* LaunchScreen.storyboard in Resources */ = {isa = PBXBuildFile; fileRef = A14522D21D8059ED0023E30D /* LaunchScreen.storyboard */; };
		A1535CB91D8850FC00A6AC27 /* AdminLoginViewController.swift in Sources */ = {isa = PBXBuildFile; fileRef = A1535CB81D8850FC00A6AC27 /* AdminLoginViewController.swift */; };
		A154F9121DB1601D00DB1994 /* SignUpViewController.swift in Sources */ = {isa = PBXBuildFile; fileRef = A154F9111DB1601D00DB1994 /* SignUpViewController.swift */; };
		A162B5C91D903756007E534B /* GoogleService-Info.plist in Resources */ = {isa = PBXBuildFile; fileRef = A162B5C81D903756007E534B /* GoogleService-Info.plist */; };
		A1748E321D88720500F36539 /* UIViewControllerExtensions.swift in Sources */ = {isa = PBXBuildFile; fileRef = A1748E311D88720500F36539 /* UIViewControllerExtensions.swift */; };
		A18EDB291D9B64B5007DE03B /* AdminTableViewController.swift in Sources */ = {isa = PBXBuildFile; fileRef = A18EDB281D9B64B5007DE03B /* AdminTableViewController.swift */; };
		A1ADB16F1D8748E6002333B0 /* MainScreenViewController.swift in Sources */ = {isa = PBXBuildFile; fileRef = A1ADB16E1D8748E6002333B0 /* MainScreenViewController.swift */; };
		A1C85E381DABDFB300E3F581 /* NavigationController.swift in Sources */ = {isa = PBXBuildFile; fileRef = A1C85E371DABDFB300E3F581 /* NavigationController.swift */; };
		A1FA46441DA0A56D00657AC0 /* AdminModel.swift in Sources */ = {isa = PBXBuildFile; fileRef = A1FA46431DA0A56D00657AC0 /* AdminModel.swift */; };
		DFC301BA4AB9261A196B4543 /* Pods_AutoSWE.framework in Frameworks */ = {isa = PBXBuildFile; fileRef = ACF64D26B97572D4CDCAB3D1 /* Pods_AutoSWE.framework */; };
/* End PBXBuildFile section */

/* Begin PBXFileReference section */
		A11FA1791DA46E6A0093D866 /* LoadingViewController.swift */ = {isa = PBXFileReference; fileEncoding = 4; lastKnownFileType = sourcecode.swift; path = LoadingViewController.swift; sourceTree = "<group>"; };
		A12B7F4B1DD0E57200319D5A /* ProfileOptionsViewController.swift */ = {isa = PBXFileReference; fileEncoding = 4; lastKnownFileType = sourcecode.swift; path = ProfileOptionsViewController.swift; sourceTree = "<group>"; };
		A14522C61D8059ED0023E30D /* AutoSWE.app */ = {isa = PBXFileReference; explicitFileType = wrapper.application; includeInIndex = 0; path = AutoSWE.app; sourceTree = BUILT_PRODUCTS_DIR; };
		A14522C91D8059ED0023E30D /* AppDelegate.swift */ = {isa = PBXFileReference; lastKnownFileType = sourcecode.swift; path = AppDelegate.swift; sourceTree = "<group>"; };
		A14522CE1D8059ED0023E30D /* Base */ = {isa = PBXFileReference; lastKnownFileType = file.storyboard; name = Base; path = Base.lproj/Main.storyboard; sourceTree = "<group>"; };
		A14522D01D8059ED0023E30D /* Assets.xcassets */ = {isa = PBXFileReference; lastKnownFileType = folder.assetcatalog; path = Assets.xcassets; sourceTree = "<group>"; };
		A14522D31D8059ED0023E30D /* Base */ = {isa = PBXFileReference; lastKnownFileType = file.storyboard; name = Base; path = Base.lproj/LaunchScreen.storyboard; sourceTree = "<group>"; };
		A14522D51D8059ED0023E30D /* Info.plist */ = {isa = PBXFileReference; lastKnownFileType = text.plist.xml; path = Info.plist; sourceTree = "<group>"; };
		A1535CB81D8850FC00A6AC27 /* AdminLoginViewController.swift */ = {isa = PBXFileReference; fileEncoding = 4; lastKnownFileType = sourcecode.swift; path = AdminLoginViewController.swift; sourceTree = "<group>"; };
		A154F9111DB1601D00DB1994 /* SignUpViewController.swift */ = {isa = PBXFileReference; fileEncoding = 4; lastKnownFileType = sourcecode.swift; path = SignUpViewController.swift; sourceTree = "<group>"; };
		A162B5C81D903756007E534B /* GoogleService-Info.plist */ = {isa = PBXFileReference; fileEncoding = 4; lastKnownFileType = text.plist.xml; path = "GoogleService-Info.plist"; sourceTree = "<group>"; };
		A162B5CA1D903D2A007E534B /* AutoSWE.entitlements */ = {isa = PBXFileReference; lastKnownFileType = text.plist.entitlements; path = AutoSWE.entitlements; sourceTree = "<group>"; };
		A1748E311D88720500F36539 /* UIViewControllerExtensions.swift */ = {isa = PBXFileReference; fileEncoding = 4; lastKnownFileType = sourcecode.swift; path = UIViewControllerExtensions.swift; sourceTree = "<group>"; };
		A18EDB281D9B64B5007DE03B /* AdminTableViewController.swift */ = {isa = PBXFileReference; fileEncoding = 4; lastKnownFileType = sourcecode.swift; path = AdminTableViewController.swift; sourceTree = "<group>"; };
		A1ADB16E1D8748E6002333B0 /* MainScreenViewController.swift */ = {isa = PBXFileReference; fileEncoding = 4; lastKnownFileType = sourcecode.swift; path = MainScreenViewController.swift; sourceTree = "<group>"; };
		A1C85E371DABDFB300E3F581 /* NavigationController.swift */ = {isa = PBXFileReference; fileEncoding = 4; lastKnownFileType = sourcecode.swift; path = NavigationController.swift; sourceTree = "<group>"; };
		A1FA46431DA0A56D00657AC0 /* AdminModel.swift */ = {isa = PBXFileReference; fileEncoding = 4; lastKnownFileType = sourcecode.swift; path = AdminModel.swift; sourceTree = "<group>"; };
		ACF64D26B97572D4CDCAB3D1 /* Pods_AutoSWE.framework */ = {isa = PBXFileReference; explicitFileType = wrapper.framework; includeInIndex = 0; path = Pods_AutoSWE.framework; sourceTree = BUILT_PRODUCTS_DIR; };
		C66F51932B1DEA06F8816ABB /* Pods-AutoSWE.release.xcconfig */ = {isa = PBXFileReference; includeInIndex = 1; lastKnownFileType = text.xcconfig; name = "Pods-AutoSWE.release.xcconfig"; path = "Pods/Target Support Files/Pods-AutoSWE/Pods-AutoSWE.release.xcconfig"; sourceTree = "<group>"; };
		D00F714B330A3CE7AB5FD54A /* Pods-AutoSWE.debug.xcconfig */ = {isa = PBXFileReference; includeInIndex = 1; lastKnownFileType = text.xcconfig; name = "Pods-AutoSWE.debug.xcconfig"; path = "Pods/Target Support Files/Pods-AutoSWE/Pods-AutoSWE.debug.xcconfig"; sourceTree = "<group>"; };
/* End PBXFileReference section */

/* Begin PBXFrameworksBuildPhase section */
		A14522C31D8059ED0023E30D /* Frameworks */ = {
			isa = PBXFrameworksBuildPhase;
			buildActionMask = 2147483647;
			files = (
				DFC301BA4AB9261A196B4543 /* Pods_AutoSWE.framework in Frameworks */,
			);
			runOnlyForDeploymentPostprocessing = 0;
		};
/* End PBXFrameworksBuildPhase section */

/* Begin PBXGroup section */
		13744B1AB3579137D2900453 /* Pods */ = {
			isa = PBXGroup;
			children = (
				D00F714B330A3CE7AB5FD54A /* Pods-AutoSWE.debug.xcconfig */,
				C66F51932B1DEA06F8816ABB /* Pods-AutoSWE.release.xcconfig */,
			);
			name = Pods;
			sourceTree = "<group>";
		};
		A14522BD1D8059ED0023E30D = {
			isa = PBXGroup;
			children = (
				A14522C81D8059ED0023E30D /* AutoSWE */,
				A14522C71D8059ED0023E30D /* Products */,
				13744B1AB3579137D2900453 /* Pods */,
				E32F91849286A0EC4439B715 /* Frameworks */,
			);
			sourceTree = "<group>";
		};
		A14522C71D8059ED0023E30D /* Products */ = {
			isa = PBXGroup;
			children = (
				A14522C61D8059ED0023E30D /* AutoSWE.app */,
			);
			name = Products;
			sourceTree = "<group>";
		};
		A14522C81D8059ED0023E30D /* AutoSWE */ = {
			isa = PBXGroup;
			children = (
				A162B5CA1D903D2A007E534B /* AutoSWE.entitlements */,
				A1FA46421DA0A53C00657AC0 /* Models */,
				A1748E301D8871DE00F36539 /* Extensions */,
				A1ADB16D1D874887002333B0 /* Controllers */,
				A14522C91D8059ED0023E30D /* AppDelegate.swift */,
				A14522CD1D8059ED0023E30D /* Main.storyboard */,
				A14522D01D8059ED0023E30D /* Assets.xcassets */,
				A14522D21D8059ED0023E30D /* LaunchScreen.storyboard */,
				A14522D51D8059ED0023E30D /* Info.plist */,
				A162B5C81D903756007E534B /* GoogleService-Info.plist */,
			);
			path = AutoSWE;
			sourceTree = "<group>";
		};
		A1748E301D8871DE00F36539 /* Extensions */ = {
			isa = PBXGroup;
			children = (
				A1748E311D88720500F36539 /* UIViewControllerExtensions.swift */,
			);
			name = Extensions;
			sourceTree = "<group>";
		};
		A1ADB16D1D874887002333B0 /* Controllers */ = {
			isa = PBXGroup;
			children = (
				A1ADB16E1D8748E6002333B0 /* MainScreenViewController.swift */,
				A1535CB81D8850FC00A6AC27 /* AdminLoginViewController.swift */,
				A18EDB281D9B64B5007DE03B /* AdminTableViewController.swift */,
				A11FA1791DA46E6A0093D866 /* LoadingViewController.swift */,
				A1C85E371DABDFB300E3F581 /* NavigationController.swift */,
				A154F9111DB1601D00DB1994 /* SignUpViewController.swift */,
				A12B7F4B1DD0E57200319D5A /* ProfileOptionsViewController.swift */,
			);
			name = Controllers;
			sourceTree = "<group>";
		};
		A1FA46421DA0A53C00657AC0 /* Models */ = {
			isa = PBXGroup;
			children = (
				A1FA46431DA0A56D00657AC0 /* AdminModel.swift */,
			);
			name = Models;
			sourceTree = "<group>";
		};
		E32F91849286A0EC4439B715 /* Frameworks */ = {
			isa = PBXGroup;
			children = (
				ACF64D26B97572D4CDCAB3D1 /* Pods_AutoSWE.framework */,
			);
			name = Frameworks;
			sourceTree = "<group>";
		};
/* End PBXGroup section */

/* Begin PBXNativeTarget section */
		A14522C51D8059ED0023E30D /* AutoSWE */ = {
			isa = PBXNativeTarget;
			buildConfigurationList = A14522D81D8059ED0023E30D /* Build configuration list for PBXNativeTarget "AutoSWE" */;
			buildPhases = (
				F9F0C73AB249AD55D6694E70 /* [CP] Check Pods Manifest.lock */,
				A14522C21D8059ED0023E30D /* Sources */,
				A14522C31D8059ED0023E30D /* Frameworks */,
				A14522C41D8059ED0023E30D /* Resources */,
				1144B2A4AD88B4BD9D8650F5 /* [CP] Embed Pods Frameworks */,
				D8170B4EA803A758B5DBBDDA /* [CP] Copy Pods Resources */,
			);
			buildRules = (
			);
			dependencies = (
			);
			name = AutoSWE;
			productName = AutoSWE;
			productReference = A14522C61D8059ED0023E30D /* AutoSWE.app */;
			productType = "com.apple.product-type.application";
		};
/* End PBXNativeTarget section */

/* Begin PBXProject section */
		A14522BE1D8059ED0023E30D /* Project object */ = {
			isa = PBXProject;
			attributes = {
				LastSwiftUpdateCheck = 0730;
				LastUpgradeCheck = 0800;
				ORGANIZATIONNAME = "Kevin Taing";
				TargetAttributes = {
					A14522C51D8059ED0023E30D = {
						CreatedOnToolsVersion = 7.3.1;
						DevelopmentTeam = 72KU6E5X4X;
						LastSwiftMigration = 0800;
						SystemCapabilities = {
							com.apple.Keychain = {
								enabled = 0;
							};
						};
					};
				};
			};
			buildConfigurationList = A14522C11D8059ED0023E30D /* Build configuration list for PBXProject "AutoSWE" */;
			compatibilityVersion = "Xcode 3.2";
			developmentRegion = English;
			hasScannedForEncodings = 0;
			knownRegions = (
				en,
				Base,
			);
			mainGroup = A14522BD1D8059ED0023E30D;
			productRefGroup = A14522C71D8059ED0023E30D /* Products */;
			projectDirPath = "";
			projectRoot = "";
			targets = (
				A14522C51D8059ED0023E30D /* AutoSWE */,
			);
		};
/* End PBXProject section */

/* Begin PBXResourcesBuildPhase section */
		A14522C41D8059ED0023E30D /* Resources */ = {
			isa = PBXResourcesBuildPhase;
			buildActionMask = 2147483647;
			files = (
				A14522D41D8059ED0023E30D /* LaunchScreen.storyboard in Resources */,
				A162B5C91D903756007E534B /* GoogleService-Info.plist in Resources */,
				A14522D11D8059ED0023E30D /* Assets.xcassets in Resources */,
				A14522CF1D8059ED0023E30D /* Main.storyboard in Resources */,
			);
			runOnlyForDeploymentPostprocessing = 0;
		};
/* End PBXResourcesBuildPhase section */

/* Begin PBXShellScriptBuildPhase section */
		1144B2A4AD88B4BD9D8650F5 /* [CP] Embed Pods Frameworks */ = {
			isa = PBXShellScriptBuildPhase;
			buildActionMask = 2147483647;
			files = (
			);
			inputPaths = (
			);
			name = "[CP] Embed Pods Frameworks";
			outputPaths = (
			);
			runOnlyForDeploymentPostprocessing = 0;
			shellPath = /bin/sh;
			shellScript = "\"${SRCROOT}/Pods/Target Support Files/Pods-AutoSWE/Pods-AutoSWE-frameworks.sh\"\n";
			showEnvVarsInLog = 0;
		};
		D8170B4EA803A758B5DBBDDA /* [CP] Copy Pods Resources */ = {
			isa = PBXShellScriptBuildPhase;
			buildActionMask = 2147483647;
			files = (
			);
			inputPaths = (
			);
			name = "[CP] Copy Pods Resources";
			outputPaths = (
			);
			runOnlyForDeploymentPostprocessing = 0;
			shellPath = /bin/sh;
			shellScript = "\"${SRCROOT}/Pods/Target Support Files/Pods-AutoSWE/Pods-AutoSWE-resources.sh\"\n";
			showEnvVarsInLog = 0;
		};
		F9F0C73AB249AD55D6694E70 /* [CP] Check Pods Manifest.lock */ = {
			isa = PBXShellScriptBuildPhase;
			buildActionMask = 2147483647;
			files = (
			);
			inputPaths = (
			);
			name = "[CP] Check Pods Manifest.lock";
			outputPaths = (
			);
			runOnlyForDeploymentPostprocessing = 0;
			shellPath = /bin/sh;
			shellScript = "diff \"${PODS_ROOT}/../Podfile.lock\" \"${PODS_ROOT}/Manifest.lock\" > /dev/null\nif [ $? != 0 ] ; then\n    # print error to STDERR\n    echo \"error: The sandbox is not in sync with the Podfile.lock. Run 'pod install' or update your CocoaPods installation.\" >&2\n    exit 1\nfi\n";
			showEnvVarsInLog = 0;
		};
/* End PBXShellScriptBuildPhase section */

/* Begin PBXSourcesBuildPhase section */
		A14522C21D8059ED0023E30D /* Sources */ = {
			isa = PBXSourcesBuildPhase;
			buildActionMask = 2147483647;
			files = (
				A11FA17A1DA46E6A0093D866 /* LoadingViewController.swift in Sources */,
				A1C85E381DABDFB300E3F581 /* NavigationController.swift in Sources */,
				A18EDB291D9B64B5007DE03B /* AdminTableViewController.swift in Sources */,
				A1748E321D88720500F36539 /* UIViewControllerExtensions.swift in Sources */,
				A1535CB91D8850FC00A6AC27 /* AdminLoginViewController.swift in Sources */,
				A12B7F4C1DD0E57200319D5A /* ProfileOptionsViewController.swift in Sources */,
				A1FA46441DA0A56D00657AC0 /* AdminModel.swift in Sources */,
				A154F9121DB1601D00DB1994 /* SignUpViewController.swift in Sources */,
				A14522CA1D8059ED0023E30D /* AppDelegate.swift in Sources */,
				A1ADB16F1D8748E6002333B0 /* MainScreenViewController.swift in Sources */,
			);
			runOnlyForDeploymentPostprocessing = 0;
		};
/* End PBXSourcesBuildPhase section */

/* Begin PBXVariantGroup section */
		A14522CD1D8059ED0023E30D /* Main.storyboard */ = {
			isa = PBXVariantGroup;
			children = (
				A14522CE1D8059ED0023E30D /* Base */,
			);
			name = Main.storyboard;
			sourceTree = "<group>";
		};
		A14522D21D8059ED0023E30D /* LaunchScreen.storyboard */ = {
			isa = PBXVariantGroup;
			children = (
				A14522D31D8059ED0023E30D /* Base */,
			);
			name = LaunchScreen.storyboard;
			sourceTree = "<group>";
		};
/* End PBXVariantGroup section */

/* Begin XCBuildConfiguration section */
		A14522D61D8059ED0023E30D /* Debug */ = {
			isa = XCBuildConfiguration;
			buildSettings = {
				ALWAYS_SEARCH_USER_PATHS = NO;
				CLANG_ANALYZER_NONNULL = YES;
				CLANG_CXX_LANGUAGE_STANDARD = "gnu++0x";
				CLANG_CXX_LIBRARY = "libc++";
				CLANG_ENABLE_MODULES = YES;
				CLANG_ENABLE_OBJC_ARC = YES;
				CLANG_WARN_BOOL_CONVERSION = YES;
				CLANG_WARN_CONSTANT_CONVERSION = YES;
				CLANG_WARN_DIRECT_OBJC_ISA_USAGE = YES_ERROR;
				CLANG_WARN_EMPTY_BODY = YES;
				CLANG_WARN_ENUM_CONVERSION = YES;
				CLANG_WARN_INFINITE_RECURSION = YES;
				CLANG_WARN_INT_CONVERSION = YES;
				CLANG_WARN_OBJC_ROOT_CLASS = YES_ERROR;
				CLANG_WARN_SUSPICIOUS_MOVE = YES;
				CLANG_WARN_UNREACHABLE_CODE = YES;
				CLANG_WARN__DUPLICATE_METHOD_MATCH = YES;
				"CODE_SIGN_IDENTITY[sdk=iphoneos*]" = "iPhone Developer";
				COPY_PHASE_STRIP = NO;
				DEBUG_INFORMATION_FORMAT = dwarf;
				ENABLE_STRICT_OBJC_MSGSEND = YES;
				ENABLE_TESTABILITY = YES;
				GCC_C_LANGUAGE_STANDARD = gnu99;
				GCC_DYNAMIC_NO_PIC = NO;
				GCC_NO_COMMON_BLOCKS = YES;
				GCC_OPTIMIZATION_LEVEL = 0;
				GCC_PREPROCESSOR_DEFINITIONS = (
					"DEBUG=1",
					"$(inherited)",
				);
				GCC_WARN_64_TO_32_BIT_CONVERSION = YES;
				GCC_WARN_ABOUT_RETURN_TYPE = YES_ERROR;
				GCC_WARN_UNDECLARED_SELECTOR = YES;
				GCC_WARN_UNINITIALIZED_AUTOS = YES_AGGRESSIVE;
				GCC_WARN_UNUSED_FUNCTION = YES;
				GCC_WARN_UNUSED_VARIABLE = YES;
				IPHONEOS_DEPLOYMENT_TARGET = 9.3;
				MTL_ENABLE_DEBUG_INFO = YES;
				ONLY_ACTIVE_ARCH = YES;
				SDKROOT = iphoneos;
				SWIFT_OPTIMIZATION_LEVEL = "-Onone";
				TARGETED_DEVICE_FAMILY = "1,2";
			};
			name = Debug;
		};
		A14522D71D8059ED0023E30D /* Release */ = {
			isa = XCBuildConfiguration;
			buildSettings = {
				ALWAYS_SEARCH_USER_PATHS = NO;
				CLANG_ANALYZER_NONNULL = YES;
				CLANG_CXX_LANGUAGE_STANDARD = "gnu++0x";
				CLANG_CXX_LIBRARY = "libc++";
				CLANG_ENABLE_MODULES = YES;
				CLANG_ENABLE_OBJC_ARC = YES;
				CLANG_WARN_BOOL_CONVERSION = YES;
				CLANG_WARN_CONSTANT_CONVERSION = YES;
				CLANG_WARN_DIRECT_OBJC_ISA_USAGE = YES_ERROR;
				CLANG_WARN_EMPTY_BODY = YES;
				CLANG_WARN_ENUM_CONVERSION = YES;
				CLANG_WARN_INFINITE_RECURSION = YES;
				CLANG_WARN_INT_CONVERSION = YES;
				CLANG_WARN_OBJC_ROOT_CLASS = YES_ERROR;
				CLANG_WARN_SUSPICIOUS_MOVE = YES;
				CLANG_WARN_UNREACHABLE_CODE = YES;
				CLANG_WARN__DUPLICATE_METHOD_MATCH = YES;
				"CODE_SIGN_IDENTITY[sdk=iphoneos*]" = "iPhone Developer";
				COPY_PHASE_STRIP = NO;
				DEBUG_INFORMATION_FORMAT = "dwarf-with-dsym";
				ENABLE_NS_ASSERTIONS = NO;
				ENABLE_STRICT_OBJC_MSGSEND = YES;
				GCC_C_LANGUAGE_STANDARD = gnu99;
				GCC_NO_COMMON_BLOCKS = YES;
				GCC_WARN_64_TO_32_BIT_CONVERSION = YES;
				GCC_WARN_ABOUT_RETURN_TYPE = YES_ERROR;
				GCC_WARN_UNDECLARED_SELECTOR = YES;
				GCC_WARN_UNINITIALIZED_AUTOS = YES_AGGRESSIVE;
				GCC_WARN_UNUSED_FUNCTION = YES;
				GCC_WARN_UNUSED_VARIABLE = YES;
				IPHONEOS_DEPLOYMENT_TARGET = 9.3;
				MTL_ENABLE_DEBUG_INFO = NO;
				SDKROOT = iphoneos;
				SWIFT_OPTIMIZATION_LEVEL = "-Owholemodule";
				TARGETED_DEVICE_FAMILY = "1,2";
				VALIDATE_PRODUCT = YES;
			};
			name = Release;
		};
		A14522D91D8059ED0023E30D /* Debug */ = {
			isa = XCBuildConfiguration;
			baseConfigurationReference = D00F714B330A3CE7AB5FD54A /* Pods-AutoSWE.debug.xcconfig */;
			buildSettings = {
				ASSETCATALOG_COMPILER_APPICON_NAME = AppIcon;
				CODE_SIGN_IDENTITY = "iPhone Developer";
				"CODE_SIGN_IDENTITY[sdk=iphoneos*]" = "iPhone Developer";
				INFOPLIST_FILE = AutoSWE/Info.plist;
				LD_RUNPATH_SEARCH_PATHS = "$(inherited) @executable_path/Frameworks";
				PRODUCT_BUNDLE_IDENTIFIER = KevinTaing.AutoSWE;
				PRODUCT_NAME = "$(TARGET_NAME)";
				PROVISIONING_PROFILE = "";
				SWIFT_VERSION = 3.0;
			};
			name = Debug;
		};
		A14522DA1D8059ED0023E30D /* Release */ = {
			isa = XCBuildConfiguration;
			baseConfigurationReference = C66F51932B1DEA06F8816ABB /* Pods-AutoSWE.release.xcconfig */;
			buildSettings = {
				ASSETCATALOG_COMPILER_APPICON_NAME = AppIcon;
				CODE_SIGN_IDENTITY = "iPhone Developer";
				"CODE_SIGN_IDENTITY[sdk=iphoneos*]" = "iPhone Developer";
				INFOPLIST_FILE = AutoSWE/Info.plist;
				LD_RUNPATH_SEARCH_PATHS = "$(inherited) @executable_path/Frameworks";
				PRODUCT_BUNDLE_IDENTIFIER = KevinTaing.AutoSWE;
				PRODUCT_NAME = "$(TARGET_NAME)";
				PROVISIONING_PROFILE = "";
				SWIFT_VERSION = 3.0;
			};
			name = Release;
		};
/* End XCBuildConfiguration section */

/* Begin XCConfigurationList section */
		A14522C11D8059ED0023E30D /* Build configuration list for PBXProject "AutoSWE" */ = {
			isa = XCConfigurationList;
			buildConfigurations = (
				A14522D61D8059ED0023E30D /* Debug */,
				A14522D71D8059ED0023E30D /* Release */,
			);
			defaultConfigurationIsVisible = 0;
			defaultConfigurationName = Release;
		};
		A14522D81D8059ED0023E30D /* Build configuration list for PBXNativeTarget "AutoSWE" */ = {
			isa = XCConfigurationList;
			buildConfigurations = (
				A14522D91D8059ED0023E30D /* Debug */,
				A14522DA1D8059ED0023E30D /* Release */,
			);
			defaultConfigurationIsVisible = 0;
			defaultConfigurationName = Release;
		};
/* End XCConfigurationList section */
	};
	rootObject = A14522BE1D8059ED0023E30D /* Project object */;
}
